
Microsoft Visual Studio Solution File, Format Version 12.00
# Visual Studio Version 17
VisualStudioVersion = 17.9.34714.143
MinimumVisualStudioVersion = 10.0.40219.1
Project("{FAE04EC0-301F-11D3-BF4B-00C04F79EFBC}") = "Module14", "Module14\Module14.csproj", "{C4D96093-284A-4E63-A741-658C57CAD489}"
EndProject
Global
	GlobalSection(SolutionConfigurationPlatforms) = preSolution
		Debug|Any CPU = Debug|Any CPU
		Release|Any CPU = Release|Any CPU
	EndGlobalSection
	GlobalSection(ProjectConfigurationPlatforms) = postSolution
		{C4D96093-284A-4E63-A741-658C57CAD489}.Debug|Any CPU.ActiveCfg = Debug|Any CPU
		{C4D96093-284A-4E63-A741-658C57CAD489}.Debug|Any CPU.Build.0 = Debug|Any CPU
		{C4D96093-284A-4E63-A741-658C57CAD489}.Release|Any CPU.ActiveCfg = Release|Any CPU
		{C4D96093-284A-4E63-A741-658C57CAD489}.Release|Any CPU.Build.0 = Release|Any CPU
	EndGlobalSection
	GlobalSection(SolutionProperties) = preSolution
		HideSolutionNode = FALSE
	EndGlobalSection
	GlobalSection(ExtensibilityGlobals) = postSolution
		SolutionGuid = {372987A9-2FC9-4C26-A534-ED1E6BC1621C}
	EndGlobalSection
EndGlobal
